
Microsoft Visual Studio Solution File, Format Version 12.00
# Visual Studio 15
VisualStudioVersion = 15.0.28307.271
MinimumVisualStudioVersion = 10.0.40219.1
Project("{FAE04EC0-301F-11D3-BF4B-00C04F79EFBC}") = "EncapsularUDEO", "EncapsularUDEO\EncapsularUDEO.csproj", "{3D0EC24F-C545-4AAB-AC0A-04B5E141291E}"
EndProject
Global
	GlobalSection(SolutionConfigurationPlatforms) = preSolution
		Debug|Any CPU = Debug|Any CPU
		Release|Any CPU = Release|Any CPU
	EndGlobalSection
	GlobalSection(ProjectConfigurationPlatforms) = postSolution
		{3D0EC24F-C545-4AAB-AC0A-04B5E141291E}.Debug|Any CPU.ActiveCfg = Debug|Any CPU
		{3D0EC24F-C545-4AAB-AC0A-04B5E141291E}.Debug|Any CPU.Build.0 = Debug|Any CPU
		{3D0EC24F-C545-4AAB-AC0A-04B5E141291E}.Release|Any CPU.ActiveCfg = Release|Any CPU
		{3D0EC24F-C545-4AAB-AC0A-04B5E141291E}.Release|Any CPU.Build.0 = Release|Any CPU
	EndGlobalSection
	GlobalSection(SolutionProperties) = preSolution
		HideSolutionNode = FALSE
	EndGlobalSection
	GlobalSection(ExtensibilityGlobals) = postSolution
		SolutionGuid = {E8FCFFE6-FA5F-420E-8C06-BF418F37E9D1}
	EndGlobalSection
EndGlobal
